
Microsoft Visual Studio Solution File, Format Version 12.00
# Visual Studio Version 17
VisualStudioVersion = 17.6.33815.320
MinimumVisualStudioVersion = 10.0.40219.1
Project("{FAE04EC0-301F-11D3-BF4B-00C04F79EFBC}") = "8 Bit Binary", "8 Bit Binary\8 Bit Binary.csproj", "{9D9DA8C7-E289-4837-8177-A47BC5F76FF9}"
EndProject
Global
	GlobalSection(SolutionConfigurationPlatforms) = preSolution
		Debug|Any CPU = Debug|Any CPU
		Release|Any CPU = Release|Any CPU
	EndGlobalSection
	GlobalSection(ProjectConfigurationPlatforms) = postSolution
		{9D9DA8C7-E289-4837-8177-A47BC5F76FF9}.Debug|Any CPU.ActiveCfg = Debug|Any CPU
		{9D9DA8C7-E289-4837-8177-A47BC5F76FF9}.Debug|Any CPU.Build.0 = Debug|Any CPU
		{9D9DA8C7-E289-4837-8177-A47BC5F76FF9}.Release|Any CPU.ActiveCfg = Release|Any CPU
		{9D9DA8C7-E289-4837-8177-A47BC5F76FF9}.Release|Any CPU.Build.0 = Release|Any CPU
	EndGlobalSection
	GlobalSection(SolutionProperties) = preSolution
		HideSolutionNode = FALSE
	EndGlobalSection
	GlobalSection(ExtensibilityGlobals) = postSolution
		SolutionGuid = {12B7FD5C-957D-473C-9958-ED085CF836D5}
	EndGlobalSection
EndGlobal
